
Microsoft Visual Studio Solution File, Format Version 12.00
# Visual Studio Version 16
VisualStudioVersion = 16.0.30717.126
MinimumVisualStudioVersion = 10.0.40219.1
Project("{FAE04EC0-301F-11D3-BF4B-00C04F79EFBC}") = "Chatapp", "Chatapp\Chatapp.csproj", "{79D43C0C-6B85-469B-A541-7FDAD93D58C5}"
EndProject
Project("{FAE04EC0-301F-11D3-BF4B-00C04F79EFBC}") = "Communication", "Communication\Communication.csproj", "{D7C4F77E-3B7F-4A79-805B-EFFBCA178768}"
EndProject
Project("{FAE04EC0-301F-11D3-BF4B-00C04F79EFBC}") = "ChatServer", "Server\ChatServer.csproj", "{5656C230-6C45-477E-BD84-12D7422C9E6B}"
EndProject
Global
	GlobalSection(SolutionConfigurationPlatforms) = preSolution
		Debug|Any CPU = Debug|Any CPU
		Release|Any CPU = Release|Any CPU
	EndGlobalSection
	GlobalSection(ProjectConfigurationPlatforms) = postSolution
		{79D43C0C-6B85-469B-A541-7FDAD93D58C5}.Debug|Any CPU.ActiveCfg = Debug|Any CPU
		{79D43C0C-6B85-469B-A541-7FDAD93D58C5}.Debug|Any CPU.Build.0 = Debug|Any CPU
		{79D43C0C-6B85-469B-A541-7FDAD93D58C5}.Release|Any CPU.ActiveCfg = Release|Any CPU
		{79D43C0C-6B85-469B-A541-7FDAD93D58C5}.Release|Any CPU.Build.0 = Release|Any CPU
		{D7C4F77E-3B7F-4A79-805B-EFFBCA178768}.Debug|Any CPU.ActiveCfg = Debug|Any CPU
		{D7C4F77E-3B7F-4A79-805B-EFFBCA178768}.Debug|Any CPU.Build.0 = Debug|Any CPU
		{D7C4F77E-3B7F-4A79-805B-EFFBCA178768}.Release|Any CPU.ActiveCfg = Release|Any CPU
		{D7C4F77E-3B7F-4A79-805B-EFFBCA178768}.Release|Any CPU.Build.0 = Release|Any CPU
		{5656C230-6C45-477E-BD84-12D7422C9E6B}.Debug|Any CPU.ActiveCfg = Debug|Any CPU
		{5656C230-6C45-477E-BD84-12D7422C9E6B}.Debug|Any CPU.Build.0 = Debug|Any CPU
		{5656C230-6C45-477E-BD84-12D7422C9E6B}.Release|Any CPU.ActiveCfg = Release|Any CPU
		{5656C230-6C45-477E-BD84-12D7422C9E6B}.Release|Any CPU.Build.0 = Release|Any CPU
	EndGlobalSection
	GlobalSection(SolutionProperties) = preSolution
		HideSolutionNode = FALSE
	EndGlobalSection
	GlobalSection(ExtensibilityGlobals) = postSolution
		SolutionGuid = {EA540433-F4E1-494E-A0F5-AA1DD3CEC045}
	EndGlobalSection
EndGlobal
